{
    "name": "sammi-sef-server",
    "version": "1.2.0",
    "lockfileVersion": 3,
    "requires": true,
    "packages": {
        "": {
            "name": "sammi-sef-server",
            "version": "1.2.0",
            "license": "GPL-3.0-only",
            "dependencies": {
                "vscode-html-languageservice": "^5.0.4",
                "vscode-languageserver": "^8.1.0",
                "vscode-languageserver-textdocument": "^1.0.8"
            },
            "engines": {
                "node": "^18.15.0"
            }
        },
        "node_modules/@vscode/l10n": {
            "version": "0.0.18",
            "resolved": "https://registry.npmjs.org/@vscode/l10n/-/l10n-0.0.18.tgz",
            "integrity": "sha512-KYSIHVmslkaCDyw013pphY+d7x1qV8IZupYfeIfzNA+nsaWHbn5uPuQRvdRFsa9zFzGeudPuoGoZ1Op4jrJXIQ=="
        },
        "node_modules/vscode-html-languageservice": {
            "version": "5.1.2",
            "resolved": "https://registry.npmjs.org/vscode-html-languageservice/-/vscode-html-languageservice-5.1.2.tgz",
            "integrity": "sha512-wkWfEx/IIR3s2P5yD4aTGHiOb8IAzFxgkSt1uSC3itJ4oDAm23yG7o0L29JljUdnXDDgLafPAvhv8A2I/8riHw==",
            "dependencies": {
                "@vscode/l10n": "^0.0.18",
                "vscode-languageserver-textdocument": "^1.0.11",
                "vscode-languageserver-types": "^3.17.5",
                "vscode-uri": "^3.0.8"
            }
        },
        "node_modules/vscode-jsonrpc": {
            "version": "8.1.0",
            "resolved": "https://registry.npmjs.org/vscode-jsonrpc/-/vscode-jsonrpc-8.1.0.tgz",
            "integrity": "sha512-6TDy/abTQk+zDGYazgbIPc+4JoXdwC8NHU9Pbn4UJP1fehUyZmM4RHp5IthX7A6L5KS30PRui+j+tbbMMMafdw==",
            "engines": {
                "node": ">=14.0.0"
            }
        },
        "node_modules/vscode-languageserver": {
            "version": "8.1.0",
            "resolved": "https://registry.npmjs.org/vscode-languageserver/-/vscode-languageserver-8.1.0.tgz",
            "integrity": "sha512-eUt8f1z2N2IEUDBsKaNapkz7jl5QpskN2Y0G01T/ItMxBxw1fJwvtySGB9QMecatne8jFIWJGWI61dWjyTLQsw==",
            "dependencies": {
                "vscode-languageserver-protocol": "3.17.3"
            },
            "bin": {
                "installServerIntoExtension": "bin/installServerIntoExtension"
            }
        },
        "node_modules/vscode-languageserver-protocol": {
            "version": "3.17.3",
            "resolved": "https://registry.npmjs.org/vscode-languageserver-protocol/-/vscode-languageserver-protocol-3.17.3.tgz",
            "integrity": "sha512-924/h0AqsMtA5yK22GgMtCYiMdCOtWTSGgUOkgEDX+wk2b0x4sAfLiO4NxBxqbiVtz7K7/1/RgVrVI0NClZwqA==",
            "dependencies": {
                "vscode-jsonrpc": "8.1.0",
                "vscode-languageserver-types": "3.17.3"
            }
        },
        "node_modules/vscode-languageserver-protocol/node_modules/vscode-languageserver-types": {
            "version": "3.17.3",
            "resolved": "https://registry.npmjs.org/vscode-languageserver-types/-/vscode-languageserver-types-3.17.3.tgz",
            "integrity": "sha512-SYU4z1dL0PyIMd4Vj8YOqFvHu7Hz/enbWtpfnVbJHU4Nd1YNYx8u0ennumc6h48GQNeOLxmwySmnADouT/AuZA=="
        },
        "node_modules/vscode-languageserver-textdocument": {
            "version": "1.0.11",
            "resolved": "https://registry.npmjs.org/vscode-languageserver-textdocument/-/vscode-languageserver-textdocument-1.0.11.tgz",
            "integrity": "sha512-X+8T3GoiwTVlJbicx/sIAF+yuJAqz8VvwJyoMVhwEMoEKE/fkDmrqUgDMyBECcM2A2frVZIUj5HI/ErRXCfOeA=="
        },
        "node_modules/vscode-languageserver-types": {
            "version": "3.17.5",
            "resolved": "https://registry.npmjs.org/vscode-languageserver-types/-/vscode-languageserver-types-3.17.5.tgz",
            "integrity": "sha512-Ld1VelNuX9pdF39h2Hgaeb5hEZM2Z3jUrrMgWQAu82jMtZp7p3vJT3BzToKtZI7NgQssZje5o0zryOrhQvzQAg=="
        },
        "node_modules/vscode-uri": {
            "version": "3.0.8",
            "resolved": "https://registry.npmjs.org/vscode-uri/-/vscode-uri-3.0.8.tgz",
            "integrity": "sha512-AyFQ0EVmsOZOlAnxoFOGOq1SQDWAB7C6aqMGS23svWAllfOaxbuFvcT8D1i8z3Gyn8fraVeZNNmN6e9bxxXkKw=="
        }
    }
}
